// !$*UTF8*$!
{
	archiveVersion = 1;
	classes = {
	};
	objectVersion = 77;
	objects = {

/* Begin PBXBuildFile section */
		135DC40984AFA8C3E36EFB6D /* KeychainStore.swift in Sources */ = {isa = PBXBuildFile; fileRef = 0AC7978F72544A818AFA9DB0 /* KeychainStore.swift */; };
		1BBF22B9861FBB8FFAD3CA41 /* MemoryGuard.swift in Sources */ = {isa = PBXBuildFile; fileRef = 659E7EA406DB957748BC069F /* MemoryGuard.swift */; };
		2DB331968C0437EFB421B603 /* DeckListViewController.swift in Sources */ = {isa = PBXBuildFile; fileRef = 34D1C81591D3AC5EAAC1102F /* DeckListViewController.swift */; };
		49B83698E31563A36A4A844F /* AnkiScheduler.swift in Sources */ = {isa = PBXBuildFile; fileRef = 55D59C450393AF6141F99608 /* AnkiScheduler.swift */; };
		581931B78A6DE012FE22B897 /* Assets.xcassets in Resources */ = {isa = PBXBuildFile; fileRef = A024B649FBE8FC0E9329AD3D /* Assets.xcassets */; };
		5916C2EEFBF2B86D9B437E6F /* AzureSpeechService.swift in Sources */ = {isa = PBXBuildFile; fileRef = F235FE2997A852280383B0FD /* AzureSpeechService.swift */; };
		61578A39A89E9BC0017352E7 /* QwenService.swift in Sources */ = {isa = PBXBuildFile; fileRef = 104482A3E7C3D3210729ADE7 /* QwenService.swift */; };
		6DF7EFB36DB975044917C28A /* AnkiCollection.swift in Sources */ = {isa = PBXBuildFile; fileRef = 1E9E570573C9EA5C5B1991B6 /* AnkiCollection.swift */; };
		70E948520117C3038208A31D /* LaunchScreen.storyboard in Resources */ = {isa = PBXBuildFile; fileRef = 34AC1052FCF7928E8BC71EAF /* LaunchScreen.storyboard */; };
		7A0B0E81E1B35FBC7E2C430B /* AnkiBackend.swift in Sources */ = {isa = PBXBuildFile; fileRef = 680B89721463FB97595C8F00 /* AnkiBackend.swift */; };
		87B84651D9EF5C46BFF430B3 /* ModeRouter.swift in Sources */ = {isa = PBXBuildFile; fileRef = C7D692D970D58799856485B7 /* ModeRouter.swift */; };
		9E23B962DEAD4C4FFBE9F037 /* PronounceMode.swift in Sources */ = {isa = PBXBuildFile; fileRef = 559E37F49FBCB3EA23B2985F /* PronounceMode.swift */; };
		A1B954712834E7C8895A5B02 /* AppDelegate.swift in Sources */ = {isa = PBXBuildFile; fileRef = D9A471BA06D6F8FF78FE8F59 /* AppDelegate.swift */; };
		C0646A4093786698AB1756E8 /* ReviewViewController.swift in Sources */ = {isa = PBXBuildFile; fileRef = 90C9DA834BB4AD705E2F0803 /* ReviewViewController.swift */; };
		CB08868028153AB45D95B89F /* SettingsViewController.swift in Sources */ = {isa = PBXBuildFile; fileRef = 02092C3392C407511C6FE2E8 /* SettingsViewController.swift */; };
		CC8B9ACDDA6B18A3C3831B16 /* SimpleZip.swift in Sources */ = {isa = PBXBuildFile; fileRef = 45B072EA2A5466941A95BE2B /* SimpleZip.swift */; };
		CF5EEDE96EAD3D2E13452D52 /* ComposeMode.swift in Sources */ = {isa = PBXBuildFile; fileRef = A7C727E8F750874AA1687420 /* ComposeMode.swift */; };
		D3FEC260533F8224B2D8950C /* AnkiStore.swift in Sources */ = {isa = PBXBuildFile; fileRef = FBB2EF40E30942F03CD5074E /* AnkiStore.swift */; };
		DDDA61E79DA971DDF25AB43A /* AudioRecorder.swift in Sources */ = {isa = PBXBuildFile; fileRef = FF7C5B58E1C5A4B08471FAF5 /* AudioRecorder.swift */; };
		F90BF1ED491BC3CD19B043FC /* CardModels.swift in Sources */ = {isa = PBXBuildFile; fileRef = A436789866CAAAC9351FF744 /* CardModels.swift */; };
/* End PBXBuildFile section */

/* Begin PBXFileReference section */
		02092C3392C407511C6FE2E8 /* SettingsViewController.swift */ = {isa = PBXFileReference; lastKnownFileType = sourcecode.swift; path = SettingsViewController.swift; sourceTree = "<group>"; };
		0AC7978F72544A818AFA9DB0 /* KeychainStore.swift */ = {isa = PBXFileReference; lastKnownFileType = sourcecode.swift; path = KeychainStore.swift; sourceTree = "<group>"; };
		104482A3E7C3D3210729ADE7 /* QwenService.swift */ = {isa = PBXFileReference; lastKnownFileType = sourcecode.swift; path = QwenService.swift; sourceTree = "<group>"; };
		1E9E570573C9EA5C5B1991B6 /* AnkiCollection.swift */ = {isa = PBXFileReference; lastKnownFileType = sourcecode.swift; path = AnkiCollection.swift; sourceTree = "<group>"; };
		34AC1052FCF7928E8BC71EAF /* LaunchScreen.storyboard */ = {isa = PBXFileReference; lastKnownFileType = file.storyboard; path = LaunchScreen.storyboard; sourceTree = "<group>"; };
		34D1C81591D3AC5EAAC1102F /* DeckListViewController.swift */ = {isa = PBXFileReference; lastKnownFileType = sourcecode.swift; path = DeckListViewController.swift; sourceTree = "<group>"; };
		45B072EA2A5466941A95BE2B /* SimpleZip.swift */ = {isa = PBXFileReference; lastKnownFileType = sourcecode.swift; path = SimpleZip.swift; sourceTree = "<group>"; };
		559E37F49FBCB3EA23B2985F /* PronounceMode.swift */ = {isa = PBXFileReference; lastKnownFileType = sourcecode.swift; path = PronounceMode.swift; sourceTree = "<group>"; };
		55D59C450393AF6141F99608 /* AnkiScheduler.swift */ = {isa = PBXFileReference; lastKnownFileType = sourcecode.swift; path = AnkiScheduler.swift; sourceTree = "<group>"; };
		659E7EA406DB957748BC069F /* MemoryGuard.swift */ = {isa = PBXFileReference; lastKnownFileType = sourcecode.swift; path = MemoryGuard.swift; sourceTree = "<group>"; };
		680B89721463FB97595C8F00 /* AnkiBackend.swift */ = {isa = PBXFileReference; lastKnownFileType = sourcecode.swift; path = AnkiBackend.swift; sourceTree = "<group>"; };
		7CFE320E169D3F2FAE19BFD7 /* Info.plist */ = {isa = PBXFileReference; lastKnownFileType = text.plist; path = Info.plist; sourceTree = "<group>"; };
		90C9DA834BB4AD705E2F0803 /* ReviewViewController.swift */ = {isa = PBXFileReference; lastKnownFileType = sourcecode.swift; path = ReviewViewController.swift; sourceTree = "<group>"; };
		924031346DC119E4C21E5654 /* SpeakingAnki.app */ = {isa = PBXFileReference; explicitFileType = wrapper.application; includeInIndex = 0; path = SpeakingAnki.app; sourceTree = BUILT_PRODUCTS_DIR; };
		A024B649FBE8FC0E9329AD3D /* Assets.xcassets */ = {isa = PBXFileReference; lastKnownFileType = folder.assetcatalog; path = Assets.xcassets; sourceTree = "<group>"; };
		A436789866CAAAC9351FF744 /* CardModels.swift */ = {isa = PBXFileReference; lastKnownFileType = sourcecode.swift; path = CardModels.swift; sourceTree = "<group>"; };
		A7C727E8F750874AA1687420 /* ComposeMode.swift */ = {isa = PBXFileReference; lastKnownFileType = sourcecode.swift; path = ComposeMode.swift; sourceTree = "<group>"; };
		C7D692D970D58799856485B7 /* ModeRouter.swift */ = {isa = PBXFileReference; lastKnownFileType = sourcecode.swift; path = ModeRouter.swift; sourceTree = "<group>"; };
		D9A471BA06D6F8FF78FE8F59 /* AppDelegate.swift */ = {isa = PBXFileReference; lastKnownFileType = sourcecode.swift; path = AppDelegate.swift; sourceTree = "<group>"; };
		F235FE2997A852280383B0FD /* AzureSpeechService.swift */ = {isa = PBXFileReference; lastKnownFileType = sourcecode.swift; path = AzureSpeechService.swift; sourceTree = "<group>"; };
		FBB2EF40E30942F03CD5074E /* AnkiStore.swift */ = {isa = PBXFileReference; lastKnownFileType = sourcecode.swift; path = AnkiStore.swift; sourceTree = "<group>"; };
		FF7C5B58E1C5A4B08471FAF5 /* AudioRecorder.swift */ = {isa = PBXFileReference; lastKnownFileType = sourcecode.swift; path = AudioRecorder.swift; sourceTree = "<group>"; };
/* End PBXFileReference section */

/* Begin PBXGroup section */
		1E17364B8B75229AE6555F24 /* Resources */ = {
			isa = PBXGroup;
			children = (
				A024B649FBE8FC0E9329AD3D /* Assets.xcassets */,
			);
			path = Resources;
			sourceTree = "<group>";
		};
		36C49BA39099C11586835C12 /* Supporting */ = {
			isa = PBXGroup;
			children = (
				D9A471BA06D6F8FF78FE8F59 /* AppDelegate.swift */,
				7CFE320E169D3F2FAE19BFD7 /* Info.plist */,
				34AC1052FCF7928E8BC71EAF /* LaunchScreen.storyboard */,
			);
			path = Supporting;
			sourceTree = "<group>";
		};
		56E75264973AC82890C717C8 = {
			isa = PBXGroup;
			children = (
				B51FDB920FE5F99FE7098A7A /* SpeakingAnki */,
				F95E83B404C3FAD2ACF3C9AC /* Products */,
			);
			sourceTree = "<group>";
		};
		574B7F69BB678F6DA53A2EC9 /* Anki */ = {
			isa = PBXGroup;
			children = (
				680B89721463FB97595C8F00 /* AnkiBackend.swift */,
				1E9E570573C9EA5C5B1991B6 /* AnkiCollection.swift */,
				55D59C450393AF6141F99608 /* AnkiScheduler.swift */,
				FBB2EF40E30942F03CD5074E /* AnkiStore.swift */,
				A436789866CAAAC9351FF744 /* CardModels.swift */,
				45B072EA2A5466941A95BE2B /* SimpleZip.swift */,
			);
			path = Anki;
			sourceTree = "<group>";
		};
		861B8795226299B4BDE290CA /* Modes */ = {
			isa = PBXGroup;
			children = (
				A7C727E8F750874AA1687420 /* ComposeMode.swift */,
				C7D692D970D58799856485B7 /* ModeRouter.swift */,
				559E37F49FBCB3EA23B2985F /* PronounceMode.swift */,
			);
			path = Modes;
			sourceTree = "<group>";
		};
		B51FDB920FE5F99FE7098A7A /* SpeakingAnki */ = {
			isa = PBXGroup;
			children = (
				574B7F69BB678F6DA53A2EC9 /* Anki */,
				EC958CEC32A6B854F1162DA0 /* Controllers */,
				861B8795226299B4BDE290CA /* Modes */,
				1E17364B8B75229AE6555F24 /* Resources */,
				F07730EC12DB8585C207167C /* Services */,
				36C49BA39099C11586835C12 /* Supporting */,
			);
			path = SpeakingAnki;
			sourceTree = "<group>";
		};
		EC958CEC32A6B854F1162DA0 /* Controllers */ = {
			isa = PBXGroup;
			children = (
				34D1C81591D3AC5EAAC1102F /* DeckListViewController.swift */,
				90C9DA834BB4AD705E2F0803 /* ReviewViewController.swift */,
				02092C3392C407511C6FE2E8 /* SettingsViewController.swift */,
			);
			path = Controllers;
			sourceTree = "<group>";
		};
		F07730EC12DB8585C207167C /* Services */ = {
			isa = PBXGroup;
			children = (
				FF7C5B58E1C5A4B08471FAF5 /* AudioRecorder.swift */,
				F235FE2997A852280383B0FD /* AzureSpeechService.swift */,
				0AC7978F72544A818AFA9DB0 /* KeychainStore.swift */,
				659E7EA406DB957748BC069F /* MemoryGuard.swift */,
				104482A3E7C3D3210729ADE7 /* QwenService.swift */,
			);
			path = Services;
			sourceTree = "<group>";
		};
		F95E83B404C3FAD2ACF3C9AC /* Products */ = {
			isa = PBXGroup;
			children = (
				924031346DC119E4C21E5654 /* SpeakingAnki.app */,
			);
			name = Products;
			sourceTree = "<group>";
		};
/* End PBXGroup section */

/* Begin PBXNativeTarget section */
		EE125FAC0D525201F35CF7C8 /* SpeakingAnki */ = {
			isa = PBXNativeTarget;
			buildConfigurationList = 8AFB72C6AAB64FD2F46A8EB9 /* Build configuration list for PBXNativeTarget "SpeakingAnki" */;
			buildPhases = (
				16741A84128284DA431CD40F /* Sources */,
				2851E96DE659A24133DAAEE4 /* Resources */,
			);
			buildRules = (
			);
			dependencies = (
			);
			name = SpeakingAnki;
			packageProductDependencies = (
			);
			productName = SpeakingAnki;
			productReference = 924031346DC119E4C21E5654 /* SpeakingAnki.app */;
			productType = "com.apple.product-type.application";
		};
/* End PBXNativeTarget section */

/* Begin PBXProject section */
		A2A2A25264A0DF0832E3D0F9 /* Project object */ = {
			isa = PBXProject;
			attributes = {
				BuildIndependentTargetsInParallel = YES;
				LastUpgradeCheck = 1600;
				TargetAttributes = {
					EE125FAC0D525201F35CF7C8 = {
						ProvisioningStyle = Automatic;
					};
				};
			};
			buildConfigurationList = 93A532B5BC0933CDAB06740A /* Build configuration list for PBXProject "SpeakingAnki" */;
			developmentRegion = en;
			hasScannedForEncodings = 0;
			knownRegions = (
				Base,
				en,
			);
			mainGroup = 56E75264973AC82890C717C8;
			minimizedProjectReferenceProxies = 1;
			preferredProjectObjectVersion = 77;
			productRefGroup = F95E83B404C3FAD2ACF3C9AC /* Products */;
			projectDirPath = "";
			projectRoot = "";
			targets = (
				EE125FAC0D525201F35CF7C8 /* SpeakingAnki */,
			);
		};
/* End PBXProject section */

/* Begin PBXResourcesBuildPhase section */
		2851E96DE659A24133DAAEE4 /* Resources */ = {
			isa = PBXResourcesBuildPhase;
			buildActionMask = 2147483647;
			files = (
				581931B78A6DE012FE22B897 /* Assets.xcassets in Resources */,
				70E948520117C3038208A31D /* LaunchScreen.storyboard in Resources */,
			);
			runOnlyForDeploymentPostprocessing = 0;
		};
/* End PBXResourcesBuildPhase section */

/* Begin PBXSourcesBuildPhase section */
		16741A84128284DA431CD40F /* Sources */ = {
			isa = PBXSourcesBuildPhase;
			buildActionMask = 2147483647;
			files = (
				7A0B0E81E1B35FBC7E2C430B /* AnkiBackend.swift in Sources */,
				6DF7EFB36DB975044917C28A /* AnkiCollection.swift in Sources */,
				49B83698E31563A36A4A844F /* AnkiScheduler.swift in Sources */,
				D3FEC260533F8224B2D8950C /* AnkiStore.swift in Sources */,
				A1B954712834E7C8895A5B02 /* AppDelegate.swift in Sources */,
				DDDA61E79DA971DDF25AB43A /* AudioRecorder.swift in Sources */,
				5916C2EEFBF2B86D9B437E6F /* AzureSpeechService.swift in Sources */,
				F90BF1ED491BC3CD19B043FC /* CardModels.swift in Sources */,
				CF5EEDE96EAD3D2E13452D52 /* ComposeMode.swift in Sources */,
				2DB331968C0437EFB421B603 /* DeckListViewController.swift in Sources */,
				135DC40984AFA8C3E36EFB6D /* KeychainStore.swift in Sources */,
				1BBF22B9861FBB8FFAD3CA41 /* MemoryGuard.swift in Sources */,
				87B84651D9EF5C46BFF430B3 /* ModeRouter.swift in Sources */,
				9E23B962DEAD4C4FFBE9F037 /* PronounceMode.swift in Sources */,
				61578A39A89E9BC0017352E7 /* QwenService.swift in Sources */,
				C0646A4093786698AB1756E8 /* ReviewViewController.swift in Sources */,
				CB08868028153AB45D95B89F /* SettingsViewController.swift in Sources */,
				CC8B9ACDDA6B18A3C3831B16 /* SimpleZip.swift in Sources */,
			);
			runOnlyForDeploymentPostprocessing = 0;
		};
/* End PBXSourcesBuildPhase section */

/* Begin XCBuildConfiguration section */
		030D45348C756C03A7B3CA22 /* Release */ = {
			isa = XCBuildConfiguration;
			buildSettings = {
				ASSETCATALOG_COMPILER_APPICON_NAME = "";
				ASSETCATALOG_COMPILER_INCLUDE_ALL_APPICON_ASSETS = NO;
				CODE_SIGN_IDENTITY = "iPhone Developer";
				CODE_SIGN_STYLE = Automatic;
				DEVELOPMENT_TEAM = C8XVZJLC2D;
				INFOPLIST_FILE = SpeakingAnki/Supporting/Info.plist;
				IPHONEOS_DEPLOYMENT_TARGET = 12.0;
				LD_RUNPATH_SEARCH_PATHS = (
					"$(inherited)",
					"@executable_path/Frameworks",
				);
				OTHER_LDFLAGS = (
					"$(inherited)",
					"-lsqlite3",
					"-lz",
				);
				PRODUCT_BUNDLE_IDENTIFIER = com.misaka10704.SpeakingAnki;
				PRODUCT_NAME = SpeakingAnki;
				SDKROOT = iphoneos;
				SUPPORTS_MACCATALYST = NO;
				TARGETED_DEVICE_FAMILY = 2;
			};
			name = Release;
		};
		604BD157024E80B6241F1C4A /* Debug */ = {
			isa = XCBuildConfiguration;
			buildSettings = {
				ALWAYS_SEARCH_USER_PATHS = NO;
				CLANG_ANALYZER_NONNULL = YES;
				CLANG_ANALYZER_NUMBER_OBJECT_CONVERSION = YES_AGGRESSIVE;
				CLANG_CXX_LANGUAGE_STANDARD = "gnu++14";
				CLANG_CXX_LIBRARY = "libc++";
				CLANG_ENABLE_MODULES = YES;
				CLANG_ENABLE_OBJC_ARC = YES;
				CLANG_ENABLE_OBJC_WEAK = YES;
				CLANG_WARN_BLOCK_CAPTURE_AUTORELEASING = YES;
				CLANG_WARN_BOOL_CONVERSION = YES;
				CLANG_WARN_COMMA = YES;
				CLANG_WARN_CONSTANT_CONVERSION = YES;
				CLANG_WARN_DEPRECATED_OBJC_IMPLEMENTATIONS = YES;
				CLANG_WARN_DIRECT_OBJC_ISA_USAGE = YES_ERROR;
				CLANG_WARN_DOCUMENTATION_COMMENTS = YES;
				CLANG_WARN_EMPTY_BODY = YES;
				CLANG_WARN_ENUM_CONVERSION = YES;
				CLANG_WARN_INFINITE_RECURSION = YES;
				CLANG_WARN_INT_CONVERSION = YES;
				CLANG_WARN_NON_LITERAL_NULL_CONVERSION = YES;
				CLANG_WARN_OBJC_IMPLICIT_RETAIN_SELF = YES;
				CLANG_WARN_OBJC_LITERAL_CONVERSION = YES;
				CLANG_WARN_OBJC_ROOT_CLASS = YES_ERROR;
				CLANG_WARN_QUOTED_INCLUDE_IN_FRAMEWORK_HEADER = YES;
				CLANG_WARN_RANGE_LOOP_ANALYSIS = YES;
				CLANG_WARN_STRICT_PROTOTYPES = YES;
				CLANG_WARN_SUSPICIOUS_MOVE = YES;
				CLANG_WARN_UNGUARDED_AVAILABILITY = YES_AGGRESSIVE;
				CLANG_WARN_UNREACHABLE_CODE = YES;
				CLANG_WARN__DUPLICATE_METHOD_MATCH = YES;
				COPY_PHASE_STRIP = NO;
				DEBUG_INFORMATION_FORMAT = dwarf;
				ENABLE_BITCODE = NO;
				ENABLE_STRICT_OBJC_MSGSEND = YES;
				ENABLE_TESTABILITY = YES;
				GCC_C_LANGUAGE_STANDARD = gnu11;
				GCC_DYNAMIC_NO_PIC = NO;
				GCC_NO_COMMON_BLOCKS = YES;
				GCC_OPTIMIZATION_LEVEL = 0;
				GCC_PREPROCESSOR_DEFINITIONS = (
					"$(inherited)",
					"DEBUG=1",
				);
				GCC_WARN_64_TO_32_BIT_CONVERSION = YES;
				GCC_WARN_ABOUT_RETURN_TYPE = YES_ERROR;
				GCC_WARN_UNDECLARED_SELECTOR = YES;
				GCC_WARN_UNINITIALIZED_AUTOS = YES_AGGRESSIVE;
				GCC_WARN_UNUSED_FUNCTION = YES;
				GCC_WARN_UNUSED_VARIABLE = YES;
				IPHONEOS_DEPLOYMENT_TARGET = 12.0;
				MTL_ENABLE_DEBUG_INFO = INCLUDE_SOURCE;
				MTL_FAST_MATH = YES;
				ONLY_ACTIVE_ARCH = YES;
				PRODUCT_NAME = "$(TARGET_NAME)";
				SDKROOT = iphoneos;
				SWIFT_ACTIVE_COMPILATION_CONDITIONS = DEBUG;
				SWIFT_OPTIMIZATION_LEVEL = "-Onone";
				SWIFT_VERSION = 5.0;
				TARGETED_DEVICE_FAMILY = 2;
			};
			name = Debug;
		};
		96C75C0959A481E16336EE47 /* Debug */ = {
			isa = XCBuildConfiguration;
			buildSettings = {
				ASSETCATALOG_COMPILER_APPICON_NAME = "";
				ASSETCATALOG_COMPILER_INCLUDE_ALL_APPICON_ASSETS = NO;
				CODE_SIGN_IDENTITY = "iPhone Developer";
				CODE_SIGN_STYLE = Automatic;
				DEVELOPMENT_TEAM = C8XVZJLC2D;
				INFOPLIST_FILE = SpeakingAnki/Supporting/Info.plist;
				IPHONEOS_DEPLOYMENT_TARGET = 12.0;
				LD_RUNPATH_SEARCH_PATHS = (
					"$(inherited)",
					"@executable_path/Frameworks",
				);
				OTHER_LDFLAGS = (
					"$(inherited)",
					"-lsqlite3",
					"-lz",
				);
				PRODUCT_BUNDLE_IDENTIFIER = com.misaka10704.SpeakingAnki;
				PRODUCT_NAME = SpeakingAnki;
				SDKROOT = iphoneos;
				SUPPORTS_MACCATALYST = NO;
				TARGETED_DEVICE_FAMILY = 2;
			};
			name = Debug;
		};
		A3BD8E75D5E07537681D95E6 /* Release */ = {
			isa = XCBuildConfiguration;
			buildSettings = {
				ALWAYS_SEARCH_USER_PATHS = NO;
				CLANG_ANALYZER_NONNULL = YES;
				CLANG_ANALYZER_NUMBER_OBJECT_CONVERSION = YES_AGGRESSIVE;
				CLANG_CXX_LANGUAGE_STANDARD = "gnu++14";
				CLANG_CXX_LIBRARY = "libc++";
				CLANG_ENABLE_MODULES = YES;
				CLANG_ENABLE_OBJC_ARC = YES;
				CLANG_ENABLE_OBJC_WEAK = YES;
				CLANG_WARN_BLOCK_CAPTURE_AUTORELEASING = YES;
				CLANG_WARN_BOOL_CONVERSION = YES;
				CLANG_WARN_COMMA = YES;
				CLANG_WARN_CONSTANT_CONVERSION = YES;
				CLANG_WARN_DEPRECATED_OBJC_IMPLEMENTATIONS = YES;
				CLANG_WARN_DIRECT_OBJC_ISA_USAGE = YES_ERROR;
				CLANG_WARN_DOCUMENTATION_COMMENTS = YES;
				CLANG_WARN_EMPTY_BODY = YES;
				CLANG_WARN_ENUM_CONVERSION = YES;
				CLANG_WARN_INFINITE_RECURSION = YES;
				CLANG_WARN_INT_CONVERSION = YES;
				CLANG_WARN_NON_LITERAL_NULL_CONVERSION = YES;
				CLANG_WARN_OBJC_IMPLICIT_RETAIN_SELF = YES;
				CLANG_WARN_OBJC_LITERAL_CONVERSION = YES;
				CLANG_WARN_OBJC_ROOT_CLASS = YES_ERROR;
				CLANG_WARN_QUOTED_INCLUDE_IN_FRAMEWORK_HEADER = YES;
				CLANG_WARN_RANGE_LOOP_ANALYSIS = YES;
				CLANG_WARN_STRICT_PROTOTYPES = YES;
				CLANG_WARN_SUSPICIOUS_MOVE = YES;
				CLANG_WARN_UNGUARDED_AVAILABILITY = YES_AGGRESSIVE;
				CLANG_WARN_UNREACHABLE_CODE = YES;
				CLANG_WARN__DUPLICATE_METHOD_MATCH = YES;
				COPY_PHASE_STRIP = NO;
				DEBUG_INFORMATION_FORMAT = "dwarf-with-dsym";
				ENABLE_BITCODE = NO;
				ENABLE_NS_ASSERTIONS = NO;
				ENABLE_STRICT_OBJC_MSGSEND = YES;
				GCC_C_LANGUAGE_STANDARD = gnu11;
				GCC_NO_COMMON_BLOCKS = YES;
				GCC_WARN_64_TO_32_BIT_CONVERSION = YES;
				GCC_WARN_ABOUT_RETURN_TYPE = YES_ERROR;
				GCC_WARN_UNDECLARED_SELECTOR = YES;
				GCC_WARN_UNINITIALIZED_AUTOS = YES_AGGRESSIVE;
				GCC_WARN_UNUSED_FUNCTION = YES;
				GCC_WARN_UNUSED_VARIABLE = YES;
				IPHONEOS_DEPLOYMENT_TARGET = 12.0;
				MTL_ENABLE_DEBUG_INFO = NO;
				MTL_FAST_MATH = YES;
				PRODUCT_NAME = "$(TARGET_NAME)";
				SDKROOT = iphoneos;
				SWIFT_COMPILATION_MODE = wholemodule;
				SWIFT_OPTIMIZATION_LEVEL = "-O";
				SWIFT_VERSION = 5.0;
				TARGETED_DEVICE_FAMILY = 2;
			};
			name = Release;
		};
/* End XCBuildConfiguration section */

/* Begin XCConfigurationList section */
		8AFB72C6AAB64FD2F46A8EB9 /* Build configuration list for PBXNativeTarget "SpeakingAnki" */ = {
			isa = XCConfigurationList;
			buildConfigurations = (
				96C75C0959A481E16336EE47 /* Debug */,
				030D45348C756C03A7B3CA22 /* Release */,
			);
			defaultConfigurationIsVisible = 0;
			defaultConfigurationName = Debug;
		};
		93A532B5BC0933CDAB06740A /* Build configuration list for PBXProject "SpeakingAnki" */ = {
			isa = XCConfigurationList;
			buildConfigurations = (
				604BD157024E80B6241F1C4A /* Debug */,
				A3BD8E75D5E07537681D95E6 /* Release */,
			);
			defaultConfigurationIsVisible = 0;
			defaultConfigurationName = Debug;
		};
/* End XCConfigurationList section */
	};
	rootObject = A2A2A25264A0DF0832E3D0F9 /* Project object */;
}
